
Microsoft Visual Studio Solution File, Format Version 12.00
# Visual Studio 15
VisualStudioVersion = 15.0.27703.2042
MinimumVisualStudioVersion = 10.0.40219.1
Project("{FAE04EC0-301F-11D3-BF4B-00C04F79EFBC}") = "ResourceMonitor", "ResourceMonitor\ResourceMonitor.csproj", "{4DE084E9-4992-4679-BD36-7D1F4671BF9A}"
EndProject
Global
	GlobalSection(SolutionConfigurationPlatforms) = preSolution
		Debug|Any CPU = Debug|Any CPU
		Release|Any CPU = Release|Any CPU
	EndGlobalSection
	GlobalSection(ProjectConfigurationPlatforms) = postSolution
		{4DE084E9-4992-4679-BD36-7D1F4671BF9A}.Debug|Any CPU.ActiveCfg = Debug|Any CPU
		{4DE084E9-4992-4679-BD36-7D1F4671BF9A}.Debug|Any CPU.Build.0 = Debug|Any CPU
		{4DE084E9-4992-4679-BD36-7D1F4671BF9A}.Release|Any CPU.ActiveCfg = Release|Any CPU
		{4DE084E9-4992-4679-BD36-7D1F4671BF9A}.Release|Any CPU.Build.0 = Release|Any CPU
	EndGlobalSection
	GlobalSection(SolutionProperties) = preSolution
		HideSolutionNode = FALSE
	EndGlobalSection
	GlobalSection(ExtensibilityGlobals) = postSolution
		SolutionGuid = {CF519222-3516-453E-93EC-5E058650C92C}
	EndGlobalSection
EndGlobal
